
Microsoft Visual Studio Solution File, Format Version 12.00
# Visual Studio Version 16
VisualStudioVersion = 16.0.30104.148
MinimumVisualStudioVersion = 10.0.40219.1
Project("{9A19103F-16F7-4668-BE54-9A1E7A4F7556}") = "ArmutLocalStackSample.Api", "ArmutLocalStackSample.Api\ArmutLocalStackSample.Api.csproj", "{731B53F3-B5E3-4C0D-B322-BE23223F962B}"
EndProject
Project("{9A19103F-16F7-4668-BE54-9A1E7A4F7556}") = "ArmutLocalStackSample.Core", "ArmutLocakStackSample.Core\ArmutLocalStackSample.Core.csproj", "{0E7E5A44-C26B-43F1-90FD-6EDADF5A6AD8}"
EndProject
Project("{9A19103F-16F7-4668-BE54-9A1E7A4F7556}") = "ArmutLocalStackSample.FunctionalTests", "ArmutLocalStackSample.FunctionalTests\ArmutLocalStackSample.FunctionalTests.csproj", "{7C06C45C-487D-46BC-8C0C-79B36FB446B4}"
EndProject
Global
	GlobalSection(SolutionConfigurationPlatforms) = preSolution
		Debug|Any CPU = Debug|Any CPU
		Release|Any CPU = Release|Any CPU
	EndGlobalSection
	GlobalSection(ProjectConfigurationPlatforms) = postSolution
		{731B53F3-B5E3-4C0D-B322-BE23223F962B}.Debug|Any CPU.ActiveCfg = Debug|Any CPU
		{731B53F3-B5E3-4C0D-B322-BE23223F962B}.Debug|Any CPU.Build.0 = Debug|Any CPU
		{731B53F3-B5E3-4C0D-B322-BE23223F962B}.Release|Any CPU.ActiveCfg = Release|Any CPU
		{731B53F3-B5E3-4C0D-B322-BE23223F962B}.Release|Any CPU.Build.0 = Release|Any CPU
		{0E7E5A44-C26B-43F1-90FD-6EDADF5A6AD8}.Debug|Any CPU.ActiveCfg = Debug|Any CPU
		{0E7E5A44-C26B-43F1-90FD-6EDADF5A6AD8}.Debug|Any CPU.Build.0 = Debug|Any CPU
		{0E7E5A44-C26B-43F1-90FD-6EDADF5A6AD8}.Release|Any CPU.ActiveCfg = Release|Any CPU
		{0E7E5A44-C26B-43F1-90FD-6EDADF5A6AD8}.Release|Any CPU.Build.0 = Release|Any CPU
		{7C06C45C-487D-46BC-8C0C-79B36FB446B4}.Debug|Any CPU.ActiveCfg = Debug|Any CPU
		{7C06C45C-487D-46BC-8C0C-79B36FB446B4}.Debug|Any CPU.Build.0 = Debug|Any CPU
		{7C06C45C-487D-46BC-8C0C-79B36FB446B4}.Release|Any CPU.ActiveCfg = Release|Any CPU
		{7C06C45C-487D-46BC-8C0C-79B36FB446B4}.Release|Any CPU.Build.0 = Release|Any CPU
	EndGlobalSection
	GlobalSection(SolutionProperties) = preSolution
		HideSolutionNode = FALSE
	EndGlobalSection
	GlobalSection(ExtensibilityGlobals) = postSolution
		SolutionGuid = {ACEB2537-C046-4470-99B2-065F9C2BBE61}
	EndGlobalSection
EndGlobal
